
Microsoft Visual Studio Solution File, Format Version 12.00
# Visual Studio Version 17
VisualStudioVersion = 17.3.32505.426
MinimumVisualStudioVersion = 10.0.40219.1
Project("{9A19103F-16F7-4668-BE54-9A1E7A4F7556}") = "FileDBInterface", "FileDBInterface\FileDBInterface.csproj", "{5DC42461-67F8-450C-BBDD-E85AC2FD5C30}"
EndProject
Project("{9A19103F-16F7-4668-BE54-9A1E7A4F7556}") = "FileDBInterfaceTests", "FileDBInterfaceTests\FileDBInterfaceTests.csproj", "{1D49EFF7-00AC-4171-8D20-A0975BC044E6}"
EndProject
Project("{2150E333-8FDC-42A3-9474-1A3956D46DE8}") = "Repo", "Repo", "{85037002-FF8E-4BCD-9B1B-C22F8FE64F5D}"
	ProjectSection(SolutionItems) = preProject
		.gitignore = .gitignore
		CHANGES.txt = CHANGES.txt
		LICENSE.txt = LICENSE.txt
		README.md = README.md
		release.bat = release.bat
	EndProjectSection
EndProject
Project("{2150E333-8FDC-42A3-9474-1A3956D46DE8}") = "Tests", "Tests", "{5137B3DC-331D-42AB-963B-070292CE70A8}"
EndProject
Project("{9A19103F-16F7-4668-BE54-9A1E7A4F7556}") = "FileDB.Desktop", "FileDB.Desktop\FileDB.Desktop.csproj", "{E34924E4-2311-4E3E-BBBF-308E4B4794DB}"
EndProject
Project("{9A19103F-16F7-4668-BE54-9A1E7A4F7556}") = "FileDB", "FileDB\FileDB.csproj", "{4F427991-0F34-46A7-80CE-C4FDE2FB5A38}"
EndProject
Project("{9A19103F-16F7-4668-BE54-9A1E7A4F7556}") = "FileDBTests", "FileDBTests\FileDBTests.csproj", "{96F73BF4-6930-40F2-9958-513F689ECAA9}"
EndProject
Global
	GlobalSection(SolutionConfigurationPlatforms) = preSolution
		Debug|Any CPU = Debug|Any CPU
		Release|Any CPU = Release|Any CPU
	EndGlobalSection
	GlobalSection(ProjectConfigurationPlatforms) = postSolution
		{5DC42461-67F8-450C-BBDD-E85AC2FD5C30}.Debug|Any CPU.ActiveCfg = Debug|Any CPU
		{5DC42461-67F8-450C-BBDD-E85AC2FD5C30}.Debug|Any CPU.Build.0 = Debug|Any CPU
		{5DC42461-67F8-450C-BBDD-E85AC2FD5C30}.Release|Any CPU.ActiveCfg = Release|Any CPU
		{5DC42461-67F8-450C-BBDD-E85AC2FD5C30}.Release|Any CPU.Build.0 = Release|Any CPU
		{1D49EFF7-00AC-4171-8D20-A0975BC044E6}.Debug|Any CPU.ActiveCfg = Debug|Any CPU
		{1D49EFF7-00AC-4171-8D20-A0975BC044E6}.Debug|Any CPU.Build.0 = Debug|Any CPU
		{1D49EFF7-00AC-4171-8D20-A0975BC044E6}.Release|Any CPU.ActiveCfg = Release|Any CPU
		{1D49EFF7-00AC-4171-8D20-A0975BC044E6}.Release|Any CPU.Build.0 = Release|Any CPU
		{E34924E4-2311-4E3E-BBBF-308E4B4794DB}.Debug|Any CPU.ActiveCfg = Debug|Any CPU
		{E34924E4-2311-4E3E-BBBF-308E4B4794DB}.Debug|Any CPU.Build.0 = Debug|Any CPU
		{E34924E4-2311-4E3E-BBBF-308E4B4794DB}.Release|Any CPU.ActiveCfg = Release|Any CPU
		{E34924E4-2311-4E3E-BBBF-308E4B4794DB}.Release|Any CPU.Build.0 = Release|Any CPU
		{4F427991-0F34-46A7-80CE-C4FDE2FB5A38}.Debug|Any CPU.ActiveCfg = Debug|Any CPU
		{4F427991-0F34-46A7-80CE-C4FDE2FB5A38}.Debug|Any CPU.Build.0 = Debug|Any CPU
		{4F427991-0F34-46A7-80CE-C4FDE2FB5A38}.Release|Any CPU.ActiveCfg = Release|Any CPU
		{4F427991-0F34-46A7-80CE-C4FDE2FB5A38}.Release|Any CPU.Build.0 = Release|Any CPU
		{96F73BF4-6930-40F2-9958-513F689ECAA9}.Debug|Any CPU.ActiveCfg = Debug|Any CPU
		{96F73BF4-6930-40F2-9958-513F689ECAA9}.Debug|Any CPU.Build.0 = Debug|Any CPU
		{96F73BF4-6930-40F2-9958-513F689ECAA9}.Release|Any CPU.ActiveCfg = Release|Any CPU
		{96F73BF4-6930-40F2-9958-513F689ECAA9}.Release|Any CPU.Build.0 = Release|Any CPU
	EndGlobalSection
	GlobalSection(SolutionProperties) = preSolution
		HideSolutionNode = FALSE
	EndGlobalSection
	GlobalSection(NestedProjects) = preSolution
		{1D49EFF7-00AC-4171-8D20-A0975BC044E6} = {5137B3DC-331D-42AB-963B-070292CE70A8}
		{96F73BF4-6930-40F2-9958-513F689ECAA9} = {5137B3DC-331D-42AB-963B-070292CE70A8}
	EndGlobalSection
	GlobalSection(ExtensibilityGlobals) = postSolution
		RESX_CodeReferences = {"Items":[{"Expression":"\\W($File.$Key)\\W","Extensions":".cs,.xaml,.axaml,.cshtml","IsCaseSensitive":true,"SingleLineComment":"\/\/"},{"Expression":"\\W($File.$Key)\\W","Extensions":".vbhtml","IsCaseSensitive":false,"SingleLineComment":null},{"Expression":"ResourceManager.GetString\\(\"($Key)\"\\)","Extensions":".cs","IsCaseSensitive":true,"SingleLineComment":"\/\/"},{"Expression":"typeof\\((\\w+\\.)*($File)\\).+\"($Key)\"|\"($Key)\".+typeof\\((\\w+\\.)*($File)\\)","Extensions":".cs","IsCaseSensitive":true,"SingleLineComment":"\/\/"},{"Expression":"\\W($Key)\\W","Extensions":".vb","IsCaseSensitive":false,"SingleLineComment":"'"},{"Expression":"\\W($File::$Key)\\W","Extensions":".cpp,.c,.hxx,.h","IsCaseSensitive":true,"SingleLineComment":"\/\/"},{"Expression":"&lt;%\\$\\s+Resources:\\s*($File)\\s*,\\s*($Key)\\s*%&gt;","Extensions":".aspx,.ascx,.master","IsCaseSensitive":true,"SingleLineComment":null},{"Expression":"StringResourceKey\\.($Key)","Extensions":".cs","IsCaseSensitive":true,"SingleLineComment":"\/\/"},{"Expression":"\\.($Key)","Extensions":".ts,.html","IsCaseSensitive":true,"SingleLineComment":"\/\/"}]}
		RESX_MoveToResources = {"Items":[{"Extensions":".cs,.vb","Patterns":"$File.$Key|$File.$Key|StringResourceKey.$Key|$Namespace.StringResourceKey.$Key|nameof($File.$Key), ResourceType = typeof($File)|ErrorMessageResourceType = typeof($File), ErrorMessageResourceName = nameof($File.$Key)"},{"Extensions":".cshtml,.vbhtml","Patterns":"@$Namespace.$File.$Key|@$File.$Key|@StringResourceKey.$Key|@$Namespace.StringResourceKey.$Key"},{"Extensions":".cpp,.c,.hxx,.h","Patterns":"$File::$Key"},{"Extensions":".aspx,.ascx","Patterns":"<%$ Resources:$File,$Key %>|<%= $File.$Key %>|<%= $Namespace.$File.$Key %>"},{"Extensions":".xaml,.axaml","Patterns":"\"{x:Static lang:$File.$Key}\""},{"Extensions":".ts","Patterns":"resources.$Key"},{"Extensions":".html","Patterns":"{{ resources.$Key }}"}]}
		SolutionGuid = {08E00FB7-E14F-46E8-95BF-67CC9B9F40CA}
	EndGlobalSection
EndGlobal
