
Microsoft Visual Studio Solution File, Format Version 12.00
# Visual Studio Version 16
VisualStudioVersion = 16.0.30907.101
MinimumVisualStudioVersion = 10.0.40219.1
Project("{9A19103F-16F7-4668-BE54-9A1E7A4F7556}") = "FileDB2Interface", "FileDB2Interface\FileDB2Interface.csproj", "{5DC42461-67F8-450C-BBDD-E85AC2FD5C30}"
EndProject
Project("{9A19103F-16F7-4668-BE54-9A1E7A4F7556}") = "FileDB2Test", "FileDB2Test\FileDB2Test.csproj", "{D580E907-F680-4AE5-A4B1-58E5FE05840E}"
EndProject
Project("{9A19103F-16F7-4668-BE54-9A1E7A4F7556}") = "FileDB2Browser", "FileDB2Browser\FileDB2Browser.csproj", "{AD7348A5-8874-44CD-977E-DF2FB0E5CE00}"
EndProject
Project("{FAE04EC0-301F-11D3-BF4B-00C04F79EFBC}") = "VersionPrinter", "VersionPrinter\VersionPrinter.csproj", "{E5814BDF-5D44-46AE-9954-B6971BAC651F}"
EndProject
Project("{D954291E-2A0B-460D-934E-DC6B0785DB48}") = "Shared", "Shared\Shared.shproj", "{0BF4213A-948E-4DB9-AC40-7B03098EE718}"
EndProject
Global
	GlobalSection(SharedMSBuildProjectFiles) = preSolution
		Shared\Shared.projitems*{0bf4213a-948e-4db9-ac40-7b03098ee718}*SharedItemsImports = 13
		Shared\Shared.projitems*{ad7348a5-8874-44cd-977e-df2fb0e5ce00}*SharedItemsImports = 5
		Shared\Shared.projitems*{e5814bdf-5d44-46ae-9954-b6971bac651f}*SharedItemsImports = 5
	EndGlobalSection
	GlobalSection(SolutionConfigurationPlatforms) = preSolution
		Debug|Any CPU = Debug|Any CPU
		Release|Any CPU = Release|Any CPU
	EndGlobalSection
	GlobalSection(ProjectConfigurationPlatforms) = postSolution
		{5DC42461-67F8-450C-BBDD-E85AC2FD5C30}.Debug|Any CPU.ActiveCfg = Debug|Any CPU
		{5DC42461-67F8-450C-BBDD-E85AC2FD5C30}.Debug|Any CPU.Build.0 = Debug|Any CPU
		{5DC42461-67F8-450C-BBDD-E85AC2FD5C30}.Release|Any CPU.ActiveCfg = Release|Any CPU
		{5DC42461-67F8-450C-BBDD-E85AC2FD5C30}.Release|Any CPU.Build.0 = Release|Any CPU
		{D580E907-F680-4AE5-A4B1-58E5FE05840E}.Debug|Any CPU.ActiveCfg = Debug|Any CPU
		{D580E907-F680-4AE5-A4B1-58E5FE05840E}.Debug|Any CPU.Build.0 = Debug|Any CPU
		{D580E907-F680-4AE5-A4B1-58E5FE05840E}.Release|Any CPU.ActiveCfg = Release|Any CPU
		{D580E907-F680-4AE5-A4B1-58E5FE05840E}.Release|Any CPU.Build.0 = Release|Any CPU
		{AD7348A5-8874-44CD-977E-DF2FB0E5CE00}.Debug|Any CPU.ActiveCfg = Debug|Any CPU
		{AD7348A5-8874-44CD-977E-DF2FB0E5CE00}.Debug|Any CPU.Build.0 = Debug|Any CPU
		{AD7348A5-8874-44CD-977E-DF2FB0E5CE00}.Release|Any CPU.ActiveCfg = Release|Any CPU
		{AD7348A5-8874-44CD-977E-DF2FB0E5CE00}.Release|Any CPU.Build.0 = Release|Any CPU
		{E5814BDF-5D44-46AE-9954-B6971BAC651F}.Debug|Any CPU.ActiveCfg = Debug|Any CPU
		{E5814BDF-5D44-46AE-9954-B6971BAC651F}.Debug|Any CPU.Build.0 = Debug|Any CPU
		{E5814BDF-5D44-46AE-9954-B6971BAC651F}.Release|Any CPU.ActiveCfg = Release|Any CPU
		{E5814BDF-5D44-46AE-9954-B6971BAC651F}.Release|Any CPU.Build.0 = Release|Any CPU
	EndGlobalSection
	GlobalSection(SolutionProperties) = preSolution
		HideSolutionNode = FALSE
	EndGlobalSection
	GlobalSection(ExtensibilityGlobals) = postSolution
		SolutionGuid = {08E00FB7-E14F-46E8-95BF-67CC9B9F40CA}
	EndGlobalSection
EndGlobal
