
Microsoft Visual Studio Solution File, Format Version 12.00
# Visual Studio Version 17
VisualStudioVersion = 17.3.32505.426
MinimumVisualStudioVersion = 10.0.40219.1
Project("{9A19103F-16F7-4668-BE54-9A1E7A4F7556}") = "FileDBInterface", "FileDBInterface\FileDBInterface.csproj", "{5DC42461-67F8-450C-BBDD-E85AC2FD5C30}"
EndProject
Project("{9A19103F-16F7-4668-BE54-9A1E7A4F7556}") = "FileDB", "FileDB\FileDB.csproj", "{AD7348A5-8874-44CD-977E-DF2FB0E5CE00}"
EndProject
Project("{9A19103F-16F7-4668-BE54-9A1E7A4F7556}") = "FileDBInterfaceTests", "FileDBInterfaceTests\FileDBInterfaceTests.csproj", "{1D49EFF7-00AC-4171-8D20-A0975BC044E6}"
EndProject
Project("{2150E333-8FDC-42A3-9474-1A3956D46DE8}") = "Repo", "Repo", "{85037002-FF8E-4BCD-9B1B-C22F8FE64F5D}"
	ProjectSection(SolutionItems) = preProject
		.gitignore = .gitignore
		CHANGES.txt = CHANGES.txt
		LICENSE.txt = LICENSE.txt
		README.md = README.md
		release.bat = release.bat
	EndProjectSection
EndProject
Project("{D954291E-2A0B-460D-934E-DC6B0785DB48}") = "FileDBShared", "FileDBShared\FileDBShared.shproj", "{A6221077-005A-4E47-9A82-D5B8359CC1C6}"
EndProject
Project("{9A19103F-16F7-4668-BE54-9A1E7A4F7556}") = "FileDBSharedTests", "FileDBSharedTests\FileDBSharedTests.csproj", "{F8779775-0828-4579-80CC-313C3DCBC6C9}"
EndProject
Project("{2150E333-8FDC-42A3-9474-1A3956D46DE8}") = "Tests", "Tests", "{5137B3DC-331D-42AB-963B-070292CE70A8}"
EndProject
Project("{9A19103F-16F7-4668-BE54-9A1E7A4F7556}") = "MediaFilesHelper", "MediaFilesHelper\MediaFilesHelper.csproj", "{D6F568A9-2810-421D-8926-508B61DCC85D}"
EndProject
Project("{9A19103F-16F7-4668-BE54-9A1E7A4F7556}") = "FileDBAvalonia", "FileDBAvalonia\FileDBAvalonia.csproj", "{DA2E26E3-2031-401F-989E-BC358BD2FA15}"
EndProject
Project("{9A19103F-16F7-4668-BE54-9A1E7A4F7556}") = "FileDBAvalonia.Desktop", "FileDBAvalonia.Desktop\FileDBAvalonia.Desktop.csproj", "{662DDB22-86BF-4E21-A9C7-9F1282C32B4F}"
EndProject
Project("{9A19103F-16F7-4668-BE54-9A1E7A4F7556}") = "FileDBAvaloniaTests", "FileDBAvaloniaTests\FileDBAvaloniaTests.csproj", "{1F2DF197-6AC3-4CED-8A9F-ABF1AE3FA13E}"
EndProject
Global
	GlobalSection(SolutionConfigurationPlatforms) = preSolution
		Debug|Any CPU = Debug|Any CPU
		Release|Any CPU = Release|Any CPU
	EndGlobalSection
	GlobalSection(ProjectConfigurationPlatforms) = postSolution
		{5DC42461-67F8-450C-BBDD-E85AC2FD5C30}.Debug|Any CPU.ActiveCfg = Debug|Any CPU
		{5DC42461-67F8-450C-BBDD-E85AC2FD5C30}.Debug|Any CPU.Build.0 = Debug|Any CPU
		{5DC42461-67F8-450C-BBDD-E85AC2FD5C30}.Release|Any CPU.ActiveCfg = Release|Any CPU
		{5DC42461-67F8-450C-BBDD-E85AC2FD5C30}.Release|Any CPU.Build.0 = Release|Any CPU
		{AD7348A5-8874-44CD-977E-DF2FB0E5CE00}.Debug|Any CPU.ActiveCfg = Debug|Any CPU
		{AD7348A5-8874-44CD-977E-DF2FB0E5CE00}.Debug|Any CPU.Build.0 = Debug|Any CPU
		{AD7348A5-8874-44CD-977E-DF2FB0E5CE00}.Release|Any CPU.ActiveCfg = Release|Any CPU
		{AD7348A5-8874-44CD-977E-DF2FB0E5CE00}.Release|Any CPU.Build.0 = Release|Any CPU
		{1D49EFF7-00AC-4171-8D20-A0975BC044E6}.Debug|Any CPU.ActiveCfg = Debug|Any CPU
		{1D49EFF7-00AC-4171-8D20-A0975BC044E6}.Debug|Any CPU.Build.0 = Debug|Any CPU
		{1D49EFF7-00AC-4171-8D20-A0975BC044E6}.Release|Any CPU.ActiveCfg = Release|Any CPU
		{1D49EFF7-00AC-4171-8D20-A0975BC044E6}.Release|Any CPU.Build.0 = Release|Any CPU
		{F8779775-0828-4579-80CC-313C3DCBC6C9}.Debug|Any CPU.ActiveCfg = Debug|Any CPU
		{F8779775-0828-4579-80CC-313C3DCBC6C9}.Debug|Any CPU.Build.0 = Debug|Any CPU
		{F8779775-0828-4579-80CC-313C3DCBC6C9}.Release|Any CPU.ActiveCfg = Release|Any CPU
		{F8779775-0828-4579-80CC-313C3DCBC6C9}.Release|Any CPU.Build.0 = Release|Any CPU
		{D6F568A9-2810-421D-8926-508B61DCC85D}.Debug|Any CPU.ActiveCfg = Debug|Any CPU
		{D6F568A9-2810-421D-8926-508B61DCC85D}.Debug|Any CPU.Build.0 = Debug|Any CPU
		{D6F568A9-2810-421D-8926-508B61DCC85D}.Release|Any CPU.ActiveCfg = Release|Any CPU
		{D6F568A9-2810-421D-8926-508B61DCC85D}.Release|Any CPU.Build.0 = Release|Any CPU
		{DA2E26E3-2031-401F-989E-BC358BD2FA15}.Debug|Any CPU.ActiveCfg = Debug|Any CPU
		{DA2E26E3-2031-401F-989E-BC358BD2FA15}.Debug|Any CPU.Build.0 = Debug|Any CPU
		{DA2E26E3-2031-401F-989E-BC358BD2FA15}.Release|Any CPU.ActiveCfg = Release|Any CPU
		{DA2E26E3-2031-401F-989E-BC358BD2FA15}.Release|Any CPU.Build.0 = Release|Any CPU
		{662DDB22-86BF-4E21-A9C7-9F1282C32B4F}.Debug|Any CPU.ActiveCfg = Debug|Any CPU
		{662DDB22-86BF-4E21-A9C7-9F1282C32B4F}.Debug|Any CPU.Build.0 = Debug|Any CPU
		{662DDB22-86BF-4E21-A9C7-9F1282C32B4F}.Release|Any CPU.ActiveCfg = Release|Any CPU
		{662DDB22-86BF-4E21-A9C7-9F1282C32B4F}.Release|Any CPU.Build.0 = Release|Any CPU
		{1F2DF197-6AC3-4CED-8A9F-ABF1AE3FA13E}.Debug|Any CPU.ActiveCfg = Debug|Any CPU
		{1F2DF197-6AC3-4CED-8A9F-ABF1AE3FA13E}.Debug|Any CPU.Build.0 = Debug|Any CPU
		{1F2DF197-6AC3-4CED-8A9F-ABF1AE3FA13E}.Release|Any CPU.ActiveCfg = Release|Any CPU
		{1F2DF197-6AC3-4CED-8A9F-ABF1AE3FA13E}.Release|Any CPU.Build.0 = Release|Any CPU
	EndGlobalSection
	GlobalSection(SolutionProperties) = preSolution
		HideSolutionNode = FALSE
	EndGlobalSection
	GlobalSection(NestedProjects) = preSolution
		{1D49EFF7-00AC-4171-8D20-A0975BC044E6} = {5137B3DC-331D-42AB-963B-070292CE70A8}
		{F8779775-0828-4579-80CC-313C3DCBC6C9} = {5137B3DC-331D-42AB-963B-070292CE70A8}
		{1F2DF197-6AC3-4CED-8A9F-ABF1AE3FA13E} = {5137B3DC-331D-42AB-963B-070292CE70A8}
	EndGlobalSection
	GlobalSection(ExtensibilityGlobals) = postSolution
		RESX_MoveToResources = {"Items":[{"Extensions":".cs,.vb","Patterns":"$File.$Key|$File.$Key|StringResourceKey.$Key|$Namespace.StringResourceKey.$Key|nameof($File.$Key), ResourceType = typeof($File)|ErrorMessageResourceType = typeof($File), ErrorMessageResourceName = nameof($File.$Key)"},{"Extensions":".cshtml,.vbhtml","Patterns":"@$Namespace.$File.$Key|@$File.$Key|@StringResourceKey.$Key|@$Namespace.StringResourceKey.$Key"},{"Extensions":".cpp,.c,.hxx,.h","Patterns":"$File::$Key"},{"Extensions":".aspx,.ascx","Patterns":"<%$ Resources:$File,$Key %>|<%= $File.$Key %>|<%= $Namespace.$File.$Key %>"},{"Extensions":".xaml","Patterns":"\"{x:Static rs:$File.$Key}\""},{"Extensions":".ts","Patterns":"resources.$Key"},{"Extensions":".html","Patterns":"{{ resources.$Key }}"}]}
		SolutionGuid = {08E00FB7-E14F-46E8-95BF-67CC9B9F40CA}
	EndGlobalSection
	GlobalSection(SharedMSBuildProjectFiles) = preSolution
		FileDBShared\FileDBShared.projitems*{5dc42461-67f8-450c-bbdd-e85ac2fd5c30}*SharedItemsImports = 5
		FileDBShared\FileDBShared.projitems*{a6221077-005a-4e47-9a82-d5b8359cc1c6}*SharedItemsImports = 13
		FileDBShared\FileDBShared.projitems*{f8779775-0828-4579-80cc-313c3dcbc6c9}*SharedItemsImports = 5
	EndGlobalSection
EndGlobal
