
Microsoft Visual Studio Solution File, Format Version 12.00
# Visual Studio Version 17
VisualStudioVersion = 17.3.32505.426
MinimumVisualStudioVersion = 10.0.40219.1
Project("{9A19103F-16F7-4668-BE54-9A1E7A4F7556}") = "FileDBInterface", "FileDBInterface\FileDBInterface.csproj", "{5DC42461-67F8-450C-BBDD-E85AC2FD5C30}"
EndProject
Project("{9A19103F-16F7-4668-BE54-9A1E7A4F7556}") = "FileDB", "FileDB\FileDB.csproj", "{AD7348A5-8874-44CD-977E-DF2FB0E5CE00}"
EndProject
Project("{9A19103F-16F7-4668-BE54-9A1E7A4F7556}") = "FileDBInterfaceTests", "FileDBInterfaceTests\FileDBInterfaceTests.csproj", "{1D49EFF7-00AC-4171-8D20-A0975BC044E6}"
EndProject
Project("{9A19103F-16F7-4668-BE54-9A1E7A4F7556}") = "FileDBTests", "FileDBTests\FileDBTests.csproj", "{9CDA4B29-FC75-49C3-9561-7241ABABE275}"
EndProject
Project("{2150E333-8FDC-42A3-9474-1A3956D46DE8}") = "Repo", "Repo", "{85037002-FF8E-4BCD-9B1B-C22F8FE64F5D}"
	ProjectSection(SolutionItems) = preProject
		CHANGES.txt = CHANGES.txt
		LICENSE.txt = LICENSE.txt
		README.md = README.md
		release.bat = release.bat
	EndProjectSection
EndProject
Project("{9A19103F-16F7-4668-BE54-9A1E7A4F7556}") = "FileDBApp", "FileDBApp\FileDBApp.csproj", "{E53A09DE-58CC-42D8-8973-A7489807A204}"
EndProject
Global
	GlobalSection(SolutionConfigurationPlatforms) = preSolution
		Debug|Any CPU = Debug|Any CPU
		Release|Any CPU = Release|Any CPU
	EndGlobalSection
	GlobalSection(ProjectConfigurationPlatforms) = postSolution
		{5DC42461-67F8-450C-BBDD-E85AC2FD5C30}.Debug|Any CPU.ActiveCfg = Debug|Any CPU
		{5DC42461-67F8-450C-BBDD-E85AC2FD5C30}.Debug|Any CPU.Build.0 = Debug|Any CPU
		{5DC42461-67F8-450C-BBDD-E85AC2FD5C30}.Release|Any CPU.ActiveCfg = Release|Any CPU
		{5DC42461-67F8-450C-BBDD-E85AC2FD5C30}.Release|Any CPU.Build.0 = Release|Any CPU
		{AD7348A5-8874-44CD-977E-DF2FB0E5CE00}.Debug|Any CPU.ActiveCfg = Debug|Any CPU
		{AD7348A5-8874-44CD-977E-DF2FB0E5CE00}.Debug|Any CPU.Build.0 = Debug|Any CPU
		{AD7348A5-8874-44CD-977E-DF2FB0E5CE00}.Release|Any CPU.ActiveCfg = Release|Any CPU
		{AD7348A5-8874-44CD-977E-DF2FB0E5CE00}.Release|Any CPU.Build.0 = Release|Any CPU
		{1D49EFF7-00AC-4171-8D20-A0975BC044E6}.Debug|Any CPU.ActiveCfg = Debug|Any CPU
		{1D49EFF7-00AC-4171-8D20-A0975BC044E6}.Debug|Any CPU.Build.0 = Debug|Any CPU
		{1D49EFF7-00AC-4171-8D20-A0975BC044E6}.Release|Any CPU.ActiveCfg = Release|Any CPU
		{1D49EFF7-00AC-4171-8D20-A0975BC044E6}.Release|Any CPU.Build.0 = Release|Any CPU
		{9CDA4B29-FC75-49C3-9561-7241ABABE275}.Debug|Any CPU.ActiveCfg = Debug|Any CPU
		{9CDA4B29-FC75-49C3-9561-7241ABABE275}.Debug|Any CPU.Build.0 = Debug|Any CPU
		{9CDA4B29-FC75-49C3-9561-7241ABABE275}.Release|Any CPU.ActiveCfg = Release|Any CPU
		{9CDA4B29-FC75-49C3-9561-7241ABABE275}.Release|Any CPU.Build.0 = Release|Any CPU
		{E53A09DE-58CC-42D8-8973-A7489807A204}.Debug|Any CPU.ActiveCfg = Debug|Any CPU
		{E53A09DE-58CC-42D8-8973-A7489807A204}.Debug|Any CPU.Build.0 = Debug|Any CPU
		{E53A09DE-58CC-42D8-8973-A7489807A204}.Debug|Any CPU.Deploy.0 = Debug|Any CPU
		{E53A09DE-58CC-42D8-8973-A7489807A204}.Release|Any CPU.ActiveCfg = Release|Any CPU
		{E53A09DE-58CC-42D8-8973-A7489807A204}.Release|Any CPU.Build.0 = Release|Any CPU
		{E53A09DE-58CC-42D8-8973-A7489807A204}.Release|Any CPU.Deploy.0 = Release|Any CPU
	EndGlobalSection
	GlobalSection(SolutionProperties) = preSolution
		HideSolutionNode = FALSE
	EndGlobalSection
	GlobalSection(ExtensibilityGlobals) = postSolution
		SolutionGuid = {08E00FB7-E14F-46E8-95BF-67CC9B9F40CA}
	EndGlobalSection
EndGlobal
